
Microsoft Visual Studio Solution File, Format Version 12.00
# Visual Studio Version 17
VisualStudioVersion = 17.5.2.0
MinimumVisualStudioVersion = 10.0.40219.1
Project("{FAE04EC0-301F-11D3-BF4B-00C04F79EFBC}") = "Backend", "Backend\Backend.csproj", "{B5CEE1AB-68C5-FCEC-EA61-653FFB609ED2}"
EndProject
Project("{FAE04EC0-301F-11D3-BF4B-00C04F79EFBC}") = "DesktopApp", "DesktopApp\DesktopApp.csproj", "{8EBB47A7-2EDB-4A98-85C4-C3074B124A0D}"
EndProject
Project("{FAE04EC0-301F-11D3-BF4B-00C04F79EFBC}") = "WebApp", "WebApp\WebApp.csproj", "{CFC2CF23-89E1-4823-8F30-5662213C6FBC}"
EndProject
Global
	GlobalSection(SolutionConfigurationPlatforms) = preSolution
		Debug|Any CPU = Debug|Any CPU
		Debug|x64 = Debug|x64
		Debug|x86 = Debug|x86
		Release|Any CPU = Release|Any CPU
		Release|x64 = Release|x64
		Release|x86 = Release|x86
	EndGlobalSection
	GlobalSection(ProjectConfigurationPlatforms) = postSolution
		{B5CEE1AB-68C5-FCEC-EA61-653FFB609ED2}.Debug|Any CPU.ActiveCfg = Debug|Any CPU
		{B5CEE1AB-68C5-FCEC-EA61-653FFB609ED2}.Debug|Any CPU.Build.0 = Debug|Any CPU
		{B5CEE1AB-68C5-FCEC-EA61-653FFB609ED2}.Debug|x64.ActiveCfg = Debug|Any CPU
		{B5CEE1AB-68C5-FCEC-EA61-653FFB609ED2}.Debug|x64.Build.0 = Debug|Any CPU
		{B5CEE1AB-68C5-FCEC-EA61-653FFB609ED2}.Debug|x86.ActiveCfg = Debug|Any CPU
		{B5CEE1AB-68C5-FCEC-EA61-653FFB609ED2}.Debug|x86.Build.0 = Debug|Any CPU
		{B5CEE1AB-68C5-FCEC-EA61-653FFB609ED2}.Release|Any CPU.ActiveCfg = Release|Any CPU
		{B5CEE1AB-68C5-FCEC-EA61-653FFB609ED2}.Release|Any CPU.Build.0 = Release|Any CPU
		{B5CEE1AB-68C5-FCEC-EA61-653FFB609ED2}.Release|x64.ActiveCfg = Release|Any CPU
		{B5CEE1AB-68C5-FCEC-EA61-653FFB609ED2}.Release|x64.Build.0 = Release|Any CPU
		{B5CEE1AB-68C5-FCEC-EA61-653FFB609ED2}.Release|x86.ActiveCfg = Release|Any CPU
		{B5CEE1AB-68C5-FCEC-EA61-653FFB609ED2}.Release|x86.Build.0 = Release|Any CPU
		{8EBB47A7-2EDB-4A98-85C4-C3074B124A0D}.Debug|Any CPU.ActiveCfg = Debug|Any CPU
		{8EBB47A7-2EDB-4A98-85C4-C3074B124A0D}.Debug|Any CPU.Build.0 = Debug|Any CPU
		{8EBB47A7-2EDB-4A98-85C4-C3074B124A0D}.Debug|x64.ActiveCfg = Debug|Any CPU
		{8EBB47A7-2EDB-4A98-85C4-C3074B124A0D}.Debug|x64.Build.0 = Debug|Any CPU
		{8EBB47A7-2EDB-4A98-85C4-C3074B124A0D}.Debug|x86.ActiveCfg = Debug|Any CPU
		{8EBB47A7-2EDB-4A98-85C4-C3074B124A0D}.Debug|x86.Build.0 = Debug|Any CPU
		{8EBB47A7-2EDB-4A98-85C4-C3074B124A0D}.Release|Any CPU.ActiveCfg = Release|Any CPU
		{8EBB47A7-2EDB-4A98-85C4-C3074B124A0D}.Release|Any CPU.Build.0 = Release|Any CPU
		{8EBB47A7-2EDB-4A98-85C4-C3074B124A0D}.Release|x64.ActiveCfg = Release|Any CPU
		{8EBB47A7-2EDB-4A98-85C4-C3074B124A0D}.Release|x64.Build.0 = Release|Any CPU
		{8EBB47A7-2EDB-4A98-85C4-C3074B124A0D}.Release|x86.ActiveCfg = Release|Any CPU
		{8EBB47A7-2EDB-4A98-85C4-C3074B124A0D}.Release|x86.Build.0 = Release|Any CPU
		{CFC2CF23-89E1-4823-8F30-5662213C6FBC}.Debug|Any CPU.ActiveCfg = Debug|Any CPU
		{CFC2CF23-89E1-4823-8F30-5662213C6FBC}.Debug|Any CPU.Build.0 = Debug|Any CPU
		{CFC2CF23-89E1-4823-8F30-5662213C6FBC}.Debug|x64.ActiveCfg = Debug|Any CPU
		{CFC2CF23-89E1-4823-8F30-5662213C6FBC}.Debug|x64.Build.0 = Debug|Any CPU
		{CFC2CF23-89E1-4823-8F30-5662213C6FBC}.Debug|x86.ActiveCfg = Debug|Any CPU
		{CFC2CF23-89E1-4823-8F30-5662213C6FBC}.Debug|x86.Build.0 = Debug|Any CPU
		{CFC2CF23-89E1-4823-8F30-5662213C6FBC}.Release|Any CPU.ActiveCfg = Release|Any CPU
		{CFC2CF23-89E1-4823-8F30-5662213C6FBC}.Release|Any CPU.Build.0 = Release|Any CPU
		{CFC2CF23-89E1-4823-8F30-5662213C6FBC}.Release|x64.ActiveCfg = Release|Any CPU
		{CFC2CF23-89E1-4823-8F30-5662213C6FBC}.Release|x64.Build.0 = Release|Any CPU
		{CFC2CF23-89E1-4823-8F30-5662213C6FBC}.Release|x86.ActiveCfg = Release|Any CPU
		{CFC2CF23-89E1-4823-8F30-5662213C6FBC}.Release|x86.Build.0 = Release|Any CPU
	EndGlobalSection
	GlobalSection(SolutionProperties) = preSolution
		HideSolutionNode = FALSE
	EndGlobalSection
	GlobalSection(ExtensibilityGlobals) = postSolution
		SolutionGuid = {8E8C08C5-A330-4612-ABA5-9DB915E70A5C}
	EndGlobalSection
EndGlobal
